
Microsoft Visual Studio Solution File, Format Version 12.00
# Visual Studio 15
VisualStudioVersion = 15.0.28307.960
MinimumVisualStudioVersion = 10.0.40219.1
Project("{FAE04EC0-301F-11D3-BF4B-00C04F79EFBC}") = "TemHum", "TemHum\TemHum.csproj", "{35AB1455-A0C9-48D6-8DE6-A3F2D253F9E1}"
EndProject
Global
	GlobalSection(SolutionConfigurationPlatforms) = preSolution
		Debug|Any CPU = Debug|Any CPU
		Release|Any CPU = Release|Any CPU
	EndGlobalSection
	GlobalSection(ProjectConfigurationPlatforms) = postSolution
		{35AB1455-A0C9-48D6-8DE6-A3F2D253F9E1}.Debug|Any CPU.ActiveCfg = Debug|Any CPU
		{35AB1455-A0C9-48D6-8DE6-A3F2D253F9E1}.Debug|Any CPU.Build.0 = Debug|Any CPU
		{35AB1455-A0C9-48D6-8DE6-A3F2D253F9E1}.Release|Any CPU.ActiveCfg = Release|Any CPU
		{35AB1455-A0C9-48D6-8DE6-A3F2D253F9E1}.Release|Any CPU.Build.0 = Release|Any CPU
	EndGlobalSection
	GlobalSection(SolutionProperties) = preSolution
		HideSolutionNode = FALSE
	EndGlobalSection
	GlobalSection(ExtensibilityGlobals) = postSolution
		SolutionGuid = {242A6F1B-4C74-47FA-9D2D-E0748F0672F3}
	EndGlobalSection
EndGlobal
